Microsoft Visual Studio Solution File, Format Version 11.00
# Visual Studio 2008

Project("{EA44F7B9-8970-69C1-45D8-1620290E94EE}") = "MIS_Augmented_Reality", "Assembly-CSharp.csproj", "{CAAE10D6-998F-8654-7A1F-A5FE1BCB3981}"
EndProject
Project("{EA44F7B9-8970-69C1-45D8-1620290E94EE}") = "MIS_Augmented_Reality", "Assembly-CSharp-Editor.csproj", "{5037A7E0-F7B3-8D59-95CD-D6483D6288AA}"
EndProject
Project("{EA44F7B9-8970-69C1-45D8-1620290E94EE}") = "MIS_Augmented_Reality", "Assembly-UnityScript-Editor-firstpass.unityproj", "{FB4207E2-3EF7-D451-D02D-C0DCB8DCF3EE}"
EndProject
Global
	GlobalSection(SolutionConfigurationPlatforms) = preSolution
		Debug|Any CPU = Debug|Any CPU
		Release|Any CPU = Release|Any CPU
	EndGlobalSection
	GlobalSection(ProjectConfigurationPlatforms) = postSolution
		{CAAE10D6-998F-8654-7A1F-A5FE1BCB3981}.Debug|Any CPU.ActiveCfg = Debug|Any CPU
		{CAAE10D6-998F-8654-7A1F-A5FE1BCB3981}.Debug|Any CPU.Build.0 = Debug|Any CPU
		{CAAE10D6-998F-8654-7A1F-A5FE1BCB3981}.Release|Any CPU.ActiveCfg = Release|Any CPU
		{CAAE10D6-998F-8654-7A1F-A5FE1BCB3981}.Release|Any CPU.Build.0 = Release|Any CPU
		{5037A7E0-F7B3-8D59-95CD-D6483D6288AA}.Debug|Any CPU.ActiveCfg = Debug|Any CPU
		{5037A7E0-F7B3-8D59-95CD-D6483D6288AA}.Debug|Any CPU.Build.0 = Debug|Any CPU
		{5037A7E0-F7B3-8D59-95CD-D6483D6288AA}.Release|Any CPU.ActiveCfg = Release|Any CPU
		{5037A7E0-F7B3-8D59-95CD-D6483D6288AA}.Release|Any CPU.Build.0 = Release|Any CPU
		{FB4207E2-3EF7-D451-D02D-C0DCB8DCF3EE}.Debug|Any CPU.ActiveCfg = Debug|Any CPU
		{FB4207E2-3EF7-D451-D02D-C0DCB8DCF3EE}.Debug|Any CPU.Build.0 = Debug|Any CPU
		{FB4207E2-3EF7-D451-D02D-C0DCB8DCF3EE}.Release|Any CPU.ActiveCfg = Release|Any CPU
		{FB4207E2-3EF7-D451-D02D-C0DCB8DCF3EE}.Release|Any CPU.Build.0 = Release|Any CPU
	EndGlobalSection
	GlobalSection(SolutionProperties) = preSolution
		HideSolutionNode = FALSE
	EndGlobalSection
																						GlobalSection(MonoDevelopProperties) = preSolution
		StartupItem = Assembly-CSharp.csproj
		Policies = $0
		$0.TextStylePolicy = $1
		$1.inheritsSet = null
		$1.scope = text/x-csharp
		$0.CSharpFormattingPolicy = $2
		$2.inheritsSet = Mono
		$2.inheritsScope = text/x-csharp
		$2.scope = text/x-csharp
		$0.TextStylePolicy = $3
		$3.FileWidth = 120
		$3.TabWidth = 4
		$3.IndentWidth = 4
		$3.EolMarker = Unix
		$3.inheritsSet = Mono
		$3.inheritsScope = text/plain
		$3.scope = text/plain
	EndGlobalSection

EndGlobal
